Microsoft Visual Studio Solution File, Format Version 11.00
# Visual Studio 2012
Project("{0A7965FE-14EE-614D-A7D5-8F41E7B16F0B}") = "ambix_maxre", "ambix_maxre.vcxproj", "{254F6035-E208-5ACD-4584-24AF619498DD}"
EndProject
Global
	GlobalSection(SolutionConfigurationPlatforms) = preSolution
		Debug|Win32 = Debug|Win32
		Release|Win32 = Release|Win32
	EndGlobalSection
	GlobalSection(ProjectConfigurationPlatforms) = postSolution
		{254F6035-E208-5ACD-4584-24AF619498DD}.Debug|Win32.ActiveCfg = Debug|Win32
		{254F6035-E208-5ACD-4584-24AF619498DD}.Debug|Win32.Build.0 = Debug|Win32
		{254F6035-E208-5ACD-4584-24AF619498DD}.Release|Win32.ActiveCfg = Release|Win32
		{254F6035-E208-5ACD-4584-24AF619498DD}.Release|Win32.Build.0 = Release|Win32
	EndGlobalSection
	GlobalSection(SolutionProperties) = preSolution
		HideSolutionNode = FALSE
	EndGlobalSection
EndGlobal
